// !$*UTF8*$!
{
	archiveVersion = 1;
	classes = {
	};
	objectVersion = 46;
	objects = {

/* Begin PBXBuildFile section */
		04F442E31DB43A7C009E5960 /* AppDelegate.swift in Sources */ = {isa = PBXBuildFile; fileRef = 04F442E21DB43A7C009E5960 /* AppDelegate.swift */; };
		04F442E51DB43A7C009E5960 /* ViewController.swift in Sources */ = {isa = PBXBuildFile; fileRef = 04F442E41DB43A7C009E5960 /* ViewController.swift */; };
		04F442E81DB43A7D009E5960 /* Main.storyboard in Resources */ = {isa = PBXBuildFile; fileRef = 04F442E61DB43A7D009E5960 /* Main.storyboard */; };
		04F442EA1DB43A7D009E5960 /* Assets.xcassets in Resources */ = {isa = PBXBuildFile; fileRef = 04F442E91DB43A7D009E5960 /* Assets.xcassets */; };
		04F443011DB447EC009E5960 /* Sign up.swift in Sources */ = {isa = PBXBuildFile; fileRef = 04F443001DB447EC009E5960 /* Sign up.swift */; };
		04F443071DB44941009E5960 /* Sign In.swift in Sources */ = {isa = PBXBuildFile; fileRef = 04F443061DB44941009E5960 /* Sign In.swift */; };
		04F443091DB44AD4009E5960 /* map.swift in Sources */ = {isa = PBXBuildFile; fileRef = 04F443081DB44AD4009E5960 /* map.swift */; };
		04F4430B1DB44AF0009E5960 /* community.swift in Sources */ = {isa = PBXBuildFile; fileRef = 04F4430A1DB44AF0009E5960 /* community.swift */; };
		04F4430D1DB44B02009E5960 /* profile.swift in Sources */ = {isa = PBXBuildFile; fileRef = 04F4430C1DB44B02009E5960 /* profile.swift */; };
		04F443151DB44B4B009E5960 /* home.png in Resources */ = {isa = PBXBuildFile; fileRef = 04F4430F1DB44B4B009E5960 /* home.png */; };
		04F443161DB44B4B009E5960 /* map.png in Resources */ = {isa = PBXBuildFile; fileRef = 04F443101DB44B4B009E5960 /* map.png */; };
		04F443171DB44B4B009E5960 /* profile.png in Resources */ = {isa = PBXBuildFile; fileRef = 04F443111DB44B4B009E5960 /* profile.png */; };
		04F443181DB44B4B009E5960 /* sign in.png in Resources */ = {isa = PBXBuildFile; fileRef = 04F443121DB44B4B009E5960 /* sign in.png */; };
		04F443191DB44B4B009E5960 /* sign up.png in Resources */ = {isa = PBXBuildFile; fileRef = 04F443131DB44B4B009E5960 /* sign up.png */; };
		04F4431B1DB455B9009E5960 /* community.png in Resources */ = {isa = PBXBuildFile; fileRef = 04F4431A1DB455B9009E5960 /* community.png */; };
		04F4431D1DB45D44009E5960 /* manage.png in Resources */ = {isa = PBXBuildFile; fileRef = 04F4431C1DB45D44009E5960 /* manage.png */; };
		04F4431F1DB45E63009E5960 /* manage.swift in Sources */ = {isa = PBXBuildFile; fileRef = 04F4431E1DB45E63009E5960 /* manage.swift */; };
		04F443211DB467B0009E5960 /* Screen Shot 2016-10-16 at 18.55.50.png in Resources */ = {isa = PBXBuildFile; fileRef = 04F443201DB467B0009E5960 /* Screen Shot 2016-10-16 at 18.55.50.png */; };
		04F443231DB46B4D009E5960 /* MyBestViewController.swift in Sources */ = {isa = PBXBuildFile; fileRef = 04F443221DB46B4D009E5960 /* MyBestViewController.swift */; };
/* End PBXBuildFile section */

/* Begin PBXFileReference section */
		04F442DF1DB43A7C009E5960 /* Viva.app */ = {isa = PBXFileReference; explicitFileType = wrapper.application; includeInIndex = 0; path = Viva.app; sourceTree = BUILT_PRODUCTS_DIR; };
		04F442E21DB43A7C009E5960 /* AppDelegate.swift */ = {isa = PBXFileReference; lastKnownFileType = sourcecode.swift; path = AppDelegate.swift; sourceTree = "<group>"; };
		04F442E41DB43A7C009E5960 /* ViewController.swift */ = {isa = PBXFileReference; lastKnownFileType = sourcecode.swift; path = ViewController.swift; sourceTree = "<group>"; };
		04F442E71DB43A7D009E5960 /* Base */ = {isa = PBXFileReference; lastKnownFileType = file.storyboard; name = Base; path = Base.lproj/Main.storyboard; sourceTree = "<group>"; };
		04F442E91DB43A7D009E5960 /* Assets.xcassets */ = {isa = PBXFileReference; lastKnownFileType = folder.assetcatalog; path = Assets.xcassets; sourceTree = "<group>"; };
		04F442EE1DB43A7D009E5960 /* Info.plist */ = {isa = PBXFileReference; lastKnownFileType = text.plist.xml; path = Info.plist; sourceTree = "<group>"; };
		04F443001DB447EC009E5960 /* Sign up.swift */ = {isa = PBXFileReference; fileEncoding = 4; lastKnownFileType = sourcecode.swift; path = "Sign up.swift"; sourceTree = "<group>"; };
		04F443061DB44941009E5960 /* Sign In.swift */ = {isa = PBXFileReference; fileEncoding = 4; lastKnownFileType = sourcecode.swift; path = "Sign In.swift"; sourceTree = "<group>"; };
		04F443081DB44AD4009E5960 /* map.swift */ = {isa = PBXFileReference; fileEncoding = 4; lastKnownFileType = sourcecode.swift; path = map.swift; sourceTree = "<group>"; };
		04F4430A1DB44AF0009E5960 /* community.swift */ = {isa = PBXFileReference; fileEncoding = 4; lastKnownFileType = sourcecode.swift; path = community.swift; sourceTree = "<group>"; };
		04F4430C1DB44B02009E5960 /* profile.swift */ = {isa = PBXFileReference; fileEncoding = 4; lastKnownFileType = sourcecode.swift; path = profile.swift; sourceTree = "<group>"; };
		04F4430F1DB44B4B009E5960 /* home.png */ = {isa = PBXFileReference; lastKnownFileType = image.png; path = home.png; sourceTree = SOURCE_ROOT; };
		04F443101DB44B4B009E5960 /* map.png */ = {isa = PBXFileReference; lastKnownFileType = image.png; path = map.png; sourceTree = SOURCE_ROOT; };
		04F443111DB44B4B009E5960 /* profile.png */ = {isa = PBXFileReference; lastKnownFileType = image.png; path = profile.png; sourceTree = SOURCE_ROOT; };
		04F443121DB44B4B009E5960 /* sign in.png */ = {isa = PBXFileReference; lastKnownFileType = image.png; path = "sign in.png"; sourceTree = SOURCE_ROOT; };
		04F443131DB44B4B009E5960 /* sign up.png */ = {isa = PBXFileReference; lastKnownFileType = image.png; path = "sign up.png"; sourceTree = SOURCE_ROOT; };
		04F4431A1DB455B9009E5960 /* community.png */ = {isa = PBXFileReference; lastKnownFileType = image.png; path = community.png; sourceTree = SOURCE_ROOT; };
		04F4431C1DB45D44009E5960 /* manage.png */ = {isa = PBXFileReference; lastKnownFileType = image.png; path = manage.png; sourceTree = "<group>"; };
		04F4431E1DB45E63009E5960 /* manage.swift */ = {isa = PBXFileReference; fileEncoding = 4; lastKnownFileType = sourcecode.swift; path = manage.swift; sourceTree = "<group>"; };
		04F443201DB467B0009E5960 /* Screen Shot 2016-10-16 at 18.55.50.png */ = {isa = PBXFileReference; lastKnownFileType = image.png; path = "Screen Shot 2016-10-16 at 18.55.50.png"; sourceTree = SOURCE_ROOT; };
		04F443221DB46B4D009E5960 /* MyBestViewController.swift */ = {isa = PBXFileReference; fileEncoding = 4; lastKnownFileType = sourcecode.swift; path = MyBestViewController.swift; sourceTree = "<group>"; };
/* End PBXFileReference section */

/* Begin PBXFrameworksBuildPhase section */
		04F442DC1DB43A7B009E5960 /* Frameworks */ = {
			isa = PBXFrameworksBuildPhase;
			buildActionMask = 2147483647;
			files = (
			);
			runOnlyForDeploymentPostprocessing = 0;
		};
/* End PBXFrameworksBuildPhase section */

/* Begin PBXGroup section */
		04F442D61DB43A7B009E5960 = {
			isa = PBXGroup;
			children = (
				04F4431C1DB45D44009E5960 /* manage.png */,
				04F4430F1DB44B4B009E5960 /* home.png */,
				04F443101DB44B4B009E5960 /* map.png */,
				04F4431A1DB455B9009E5960 /* community.png */,
				04F443111DB44B4B009E5960 /* profile.png */,
				04F443121DB44B4B009E5960 /* sign in.png */,
				04F443131DB44B4B009E5960 /* sign up.png */,
				04F443201DB467B0009E5960 /* Screen Shot 2016-10-16 at 18.55.50.png */,
				04F442E11DB43A7C009E5960 /* Viva */,
				04F442E01DB43A7C009E5960 /* Products */,
			);
			sourceTree = "<group>";
		};
		04F442E01DB43A7C009E5960 /* Products */ = {
			isa = PBXGroup;
			children = (
				04F442DF1DB43A7C009E5960 /* Viva.app */,
			);
			name = Products;
			sourceTree = "<group>";
		};
		04F442E11DB43A7C009E5960 /* Viva */ = {
			isa = PBXGroup;
			children = (
				04F442E21DB43A7C009E5960 /* AppDelegate.swift */,
				04F442E41DB43A7C009E5960 /* ViewController.swift */,
				04F442E61DB43A7D009E5960 /* Main.storyboard */,
				04F442E91DB43A7D009E5960 /* Assets.xcassets */,
				04F442EE1DB43A7D009E5960 /* Info.plist */,
				04F443001DB447EC009E5960 /* Sign up.swift */,
				04F443061DB44941009E5960 /* Sign In.swift */,
				04F443081DB44AD4009E5960 /* map.swift */,
				04F4430A1DB44AF0009E5960 /* community.swift */,
				04F4430C1DB44B02009E5960 /* profile.swift */,
				04F4431E1DB45E63009E5960 /* manage.swift */,
				04F443221DB46B4D009E5960 /* MyBestViewController.swift */,
			);
			path = Viva;
			sourceTree = "<group>";
		};
/* End PBXGroup section */

/* Begin PBXNativeTarget section */
		04F442DE1DB43A7B009E5960 /* Viva */ = {
			isa = PBXNativeTarget;
			buildConfigurationList = 04F442F11DB43A7D009E5960 /* Build configuration list for PBXNativeTarget "Viva" */;
			buildPhases = (
				04F442DB1DB43A7B009E5960 /* Sources */,
				04F442DC1DB43A7B009E5960 /* Frameworks */,
				04F442DD1DB43A7B009E5960 /* Resources */,
			);
			buildRules = (
			);
			dependencies = (
			);
			name = Viva;
			productName = Viva;
			productReference = 04F442DF1DB43A7C009E5960 /* Viva.app */;
			productType = "com.apple.product-type.application";
		};
/* End PBXNativeTarget section */

/* Begin PBXProject section */
		04F442D71DB43A7B009E5960 /* Project object */ = {
			isa = PBXProject;
			attributes = {
				LastSwiftUpdateCheck = 0800;
				LastUpgradeCheck = 0800;
				ORGANIZATIONNAME = "Jiranuch Srupsrisopa";
				TargetAttributes = {
					04F442DE1DB43A7B009E5960 = {
						CreatedOnToolsVersion = 8.0;
						ProvisioningStyle = Automatic;
					};
				};
			};
			buildConfigurationList = 04F442DA1DB43A7B009E5960 /* Build configuration list for PBXProject "Viva" */;
			compatibilityVersion = "Xcode 3.2";
			developmentRegion = English;
			hasScannedForEncodings = 0;
			knownRegions = (
				en,
				Base,
			);
			mainGroup = 04F442D61DB43A7B009E5960;
			productRefGroup = 04F442E01DB43A7C009E5960 /* Products */;
			projectDirPath = "";
			projectRoot = "";
			targets = (
				04F442DE1DB43A7B009E5960 /* Viva */,
			);
		};
/* End PBXProject section */

/* Begin PBXResourcesBuildPhase section */
		04F442DD1DB43A7B009E5960 /* Resources */ = {
			isa = PBXResourcesBuildPhase;
			buildActionMask = 2147483647;
			files = (
				04F443161DB44B4B009E5960 /* map.png in Resources */,
				04F443151DB44B4B009E5960 /* home.png in Resources */,
				04F442EA1DB43A7D009E5960 /* Assets.xcassets in Resources */,
				04F443191DB44B4B009E5960 /* sign up.png in Resources */,
				04F442E81DB43A7D009E5960 /* Main.storyboard in Resources */,
				04F443211DB467B0009E5960 /* Screen Shot 2016-10-16 at 18.55.50.png in Resources */,
				04F4431D1DB45D44009E5960 /* manage.png in Resources */,
				04F443181DB44B4B009E5960 /* sign in.png in Resources */,
				04F4431B1DB455B9009E5960 /* community.png in Resources */,
				04F443171DB44B4B009E5960 /* profile.png in Resources */,
			);
			runOnlyForDeploymentPostprocessing = 0;
		};
/* End PBXResourcesBuildPhase section */

/* Begin PBXSourcesBuildPhase section */
		04F442DB1DB43A7B009E5960 /* Sources */ = {
			isa = PBXSourcesBuildPhase;
			buildActionMask = 2147483647;
			files = (
				04F4431F1DB45E63009E5960 /* manage.swift in Sources */,
				04F443071DB44941009E5960 /* Sign In.swift in Sources */,
				04F4430B1DB44AF0009E5960 /* community.swift in Sources */,
				04F443011DB447EC009E5960 /* Sign up.swift in Sources */,
				04F442E51DB43A7C009E5960 /* ViewController.swift in Sources */,
				04F4430D1DB44B02009E5960 /* profile.swift in Sources */,
				04F443231DB46B4D009E5960 /* MyBestViewController.swift in Sources */,
				04F443091DB44AD4009E5960 /* map.swift in Sources */,
				04F442E31DB43A7C009E5960 /* AppDelegate.swift in Sources */,
			);
			runOnlyForDeploymentPostprocessing = 0;
		};
/* End PBXSourcesBuildPhase section */

/* Begin PBXVariantGroup section */
		04F442E61DB43A7D009E5960 /* Main.storyboard */ = {
			isa = PBXVariantGroup;
			children = (
				04F442E71DB43A7D009E5960 /* Base */,
			);
			name = Main.storyboard;
			sourceTree = "<group>";
		};
/* End PBXVariantGroup section */

/* Begin XCBuildConfiguration section */
		04F442EF1DB43A7D009E5960 /* Debug */ = {
			isa = XCBuildConfiguration;
			buildSettings = {
				ALWAYS_SEARCH_USER_PATHS = NO;
				CLANG_ANALYZER_NONNULL = YES;
				CLANG_CXX_LANGUAGE_STANDARD = "gnu++0x";
				CLANG_CXX_LIBRARY = "libc++";
				CLANG_ENABLE_MODULES = YES;
				CLANG_ENABLE_OBJC_ARC = YES;
				CLANG_WARN_BOOL_CONVERSION = YES;
				CLANG_WARN_CONSTANT_CONVERSION = YES;
				CLANG_WARN_DIRECT_OBJC_ISA_USAGE = YES_ERROR;
				CLANG_WARN_DOCUMENTATION_COMMENTS = YES;
				CLANG_WARN_EMPTY_BODY = YES;
				CLANG_WARN_ENUM_CONVERSION = YES;
				CLANG_WARN_INFINITE_RECURSION = YES;
				CLANG_WARN_INT_CONVERSION = YES;
				CLANG_WARN_OBJC_ROOT_CLASS = YES_ERROR;
				CLANG_WARN_SUSPICIOUS_MOVES = YES;
				CLANG_WARN_UNREACHABLE_CODE = YES;
				CLANG_WARN__DUPLICATE_METHOD_MATCH = YES;
				"CODE_SIGN_IDENTITY[sdk=iphoneos*]" = "iPhone Developer";
				COPY_PHASE_STRIP = NO;
				DEBUG_INFORMATION_FORMAT = dwarf;
				ENABLE_STRICT_OBJC_MSGSEND = YES;
				ENABLE_TESTABILITY = YES;
				GCC_C_LANGUAGE_STANDARD = gnu99;
				GCC_DYNAMIC_NO_PIC = NO;
				GCC_NO_COMMON_BLOCKS = YES;
				GCC_OPTIMIZATION_LEVEL = 0;
				GCC_PREPROCESSOR_DEFINITIONS = (
					"DEBUG=1",
					"$(inherited)",
				);
				GCC_WARN_64_TO_32_BIT_CONVERSION = YES;
				GCC_WARN_ABOUT_RETURN_TYPE = YES_ERROR;
				GCC_WARN_UNDECLARED_SELECTOR = YES;
				GCC_WARN_UNINITIALIZED_AUTOS = YES_AGGRESSIVE;
				GCC_WARN_UNUSED_FUNCTION = YES;
				GCC_WARN_UNUSED_VARIABLE = YES;
				IPHONEOS_DEPLOYMENT_TARGET = 10.0;
				MTL_ENABLE_DEBUG_INFO = YES;
				ONLY_ACTIVE_ARCH = YES;
				SDKROOT = iphoneos;
				SWIFT_ACTIVE_COMPILATION_CONDITIONS = DEBUG;
				SWIFT_OPTIMIZATION_LEVEL = "-Onone";
				TARGETED_DEVICE_FAMILY = "1,2";
			};
			name = Debug;
		};
		04F442F01DB43A7D009E5960 /* Release */ = {
			isa = XCBuildConfiguration;
			buildSettings = {
				ALWAYS_SEARCH_USER_PATHS = NO;
				CLANG_ANALYZER_NONNULL = YES;
				CLANG_CXX_LANGUAGE_STANDARD = "gnu++0x";
				CLANG_CXX_LIBRARY = "libc++";
				CLANG_ENABLE_MODULES = YES;
				CLANG_ENABLE_OBJC_ARC = YES;
				CLANG_WARN_BOOL_CONVERSION = YES;
				CLANG_WARN_CONSTANT_CONVERSION = YES;
				CLANG_WARN_DIRECT_OBJC_ISA_USAGE = YES_ERROR;
				CLANG_WARN_DOCUMENTATION_COMMENTS = YES;
				CLANG_WARN_EMPTY_BODY = YES;
				CLANG_WARN_ENUM_CONVERSION = YES;
				CLANG_WARN_INFINITE_RECURSION = YES;
				CLANG_WARN_INT_CONVERSION = YES;
				CLANG_WARN_OBJC_ROOT_CLASS = YES_ERROR;
				CLANG_WARN_SUSPICIOUS_MOVES = YES;
				CLANG_WARN_UNREACHABLE_CODE = YES;
				CLANG_WARN__DUPLICATE_METHOD_MATCH = YES;
				"CODE_SIGN_IDENTITY[sdk=iphoneos*]" = "iPhone Developer";
				COPY_PHASE_STRIP = NO;
				DEBUG_INFORMATION_FORMAT = "dwarf-with-dsym";
				ENABLE_NS_ASSERTIONS = NO;
				ENABLE_STRICT_OBJC_MSGSEND = YES;
				GCC_C_LANGUAGE_STANDARD = gnu99;
				GCC_NO_COMMON_BLOCKS = YES;
				GCC_WARN_64_TO_32_BIT_CONVERSION = YES;
				GCC_WARN_ABOUT_RETURN_TYPE = YES_ERROR;
				GCC_WARN_UNDECLARED_SELECTOR = YES;
				GCC_WARN_UNINITIALIZED_AUTOS = YES_AGGRESSIVE;
				GCC_WARN_UNUSED_FUNCTION = YES;
				GCC_WARN_UNUSED_VARIABLE = YES;
				IPHONEOS_DEPLOYMENT_TARGET = 10.0;
				MTL_ENABLE_DEBUG_INFO = NO;
				SDKROOT = iphoneos;
				SWIFT_OPTIMIZATION_LEVEL = "-Owholemodule";
				TARGETED_DEVICE_FAMILY = "1,2";
				VALIDATE_PRODUCT = YES;
			};
			name = Release;
		};
		04F442F21DB43A7D009E5960 /* Debug */ = {
			isa = XCBuildConfiguration;
			buildSettings = {
				ASSETCATALOG_COMPILER_APPICON_NAME = AppIcon;
				INFOPLIST_FILE = Viva/Info.plist;
				LD_RUNPATH_SEARCH_PATHS = "$(inherited) @executable_path/Frameworks";
				PRODUCT_BUNDLE_IDENTIFIER = edu.academyofart.Viva;
				PRODUCT_NAME = "$(TARGET_NAME)";
				SWIFT_VERSION = 3.0;
			};
			name = Debug;
		};
		04F442F31DB43A7D009E5960 /* Release */ = {
			isa = XCBuildConfiguration;
			buildSettings = {
				ASSETCATALOG_COMPILER_APPICON_NAME = AppIcon;
				INFOPLIST_FILE = Viva/Info.plist;
				LD_RUNPATH_SEARCH_PATHS = "$(inherited) @executable_path/Frameworks";
				PRODUCT_BUNDLE_IDENTIFIER = edu.academyofart.Viva;
				PRODUCT_NAME = "$(TARGET_NAME)";
				SWIFT_VERSION = 3.0;
			};
			name = Release;
		};
/* End XCBuildConfiguration section */

/* Begin XCConfigurationList section */
		04F442DA1DB43A7B009E5960 /* Build configuration list for PBXProject "Viva" */ = {
			isa = XCConfigurationList;
			buildConfigurations = (
				04F442EF1DB43A7D009E5960 /* Debug */,
				04F442F01DB43A7D009E5960 /* Release */,
			);
			defaultConfigurationIsVisible = 0;
			defaultConfigurationName = Release;
		};
		04F442F11DB43A7D009E5960 /* Build configuration list for PBXNativeTarget "Viva" */ = {
			isa = XCConfigurationList;
			buildConfigurations = (
				04F442F21DB43A7D009E5960 /* Debug */,
				04F442F31DB43A7D009E5960 /* Release */,
			);
			defaultConfigurationIsVisible = 0;
		};
/* End XCConfigurationList section */
	};
	rootObject = 04F442D71DB43A7B009E5960 /* Project object */;
}
